// !$*UTF8*$!
{
	archiveVersion = 1;
	classes = {
	};
	objectVersion = 50;
	objects = {

/* Begin PBXBuildFile section */
		D49DC0EA2496A7010039316E /* AppDelegate.swift in Sources */ = {isa = PBXBuildFile; fileRef = D49DC0E92496A7010039316E /* AppDelegate.swift */; };
		D49DC0EC2496A7010039316E /* SceneDelegate.swift in Sources */ = {isa = PBXBuildFile; fileRef = D49DC0EB2496A7010039316E /* SceneDelegate.swift */; };
		D49DC0F12496A7010039316E /* Main.storyboard in Resources */ = {isa = PBXBuildFile; fileRef = D49DC0EF2496A7010039316E /* Main.storyboard */; };
		D49DC0F32496A7030039316E /* Assets.xcassets in Resources */ = {isa = PBXBuildFile; fileRef = D49DC0F22496A7030039316E /* Assets.xcassets */; };
		D49DC0F62496A7030039316E /* LaunchScreen.storyboard in Resources */ = {isa = PBXBuildFile; fileRef = D49DC0F42496A7030039316E /* LaunchScreen.storyboard */; };
		D49DC1002496AEBA0039316E /* WelcomeViewController.swift in Sources */ = {isa = PBXBuildFile; fileRef = D49DC0FF2496AEBA0039316E /* WelcomeViewController.swift */; };
		D49DC1022496B46E0039316E /* LogViewController.swift in Sources */ = {isa = PBXBuildFile; fileRef = D49DC1012496B46E0039316E /* LogViewController.swift */; };
		D49DC1062496B51E0039316E /* UIView+addShadow.swift in Sources */ = {isa = PBXBuildFile; fileRef = D49DC1052496B51E0039316E /* UIView+addShadow.swift */; };
		D49DC1082496B5300039316E /* UIView+roundCorners.swift in Sources */ = {isa = PBXBuildFile; fileRef = D49DC1072496B5300039316E /* UIView+roundCorners.swift */; };
		D49DC10B2496D4540039316E /* UIColor+Extension.swift in Sources */ = {isa = PBXBuildFile; fileRef = D49DC10A2496D4540039316E /* UIColor+Extension.swift */; };
/* End PBXBuildFile section */

/* Begin PBXFileReference section */
		D49DC0E62496A7010039316E /* chatty.app */ = {isa = PBXFileReference; explicitFileType = wrapper.application; includeInIndex = 0; path = chatty.app; sourceTree = BUILT_PRODUCTS_DIR; };
		D49DC0E92496A7010039316E /* AppDelegate.swift */ = {isa = PBXFileReference; lastKnownFileType = sourcecode.swift; path = AppDelegate.swift; sourceTree = "<group>"; };
		D49DC0EB2496A7010039316E /* SceneDelegate.swift */ = {isa = PBXFileReference; lastKnownFileType = sourcecode.swift; path = SceneDelegate.swift; sourceTree = "<group>"; };
		D49DC0F02496A7010039316E /* Base */ = {isa = PBXFileReference; lastKnownFileType = file.storyboard; name = Base; path = Base.lproj/Main.storyboard; sourceTree = "<group>"; };
		D49DC0F22496A7030039316E /* Assets.xcassets */ = {isa = PBXFileReference; lastKnownFileType = folder.assetcatalog; path = Assets.xcassets; sourceTree = "<group>"; };
		D49DC0F52496A7030039316E /* Base */ = {isa = PBXFileReference; lastKnownFileType = file.storyboard; name = Base; path = Base.lproj/LaunchScreen.storyboard; sourceTree = "<group>"; };
		D49DC0F72496A7030039316E /* Info.plist */ = {isa = PBXFileReference; lastKnownFileType = text.plist.xml; path = Info.plist; sourceTree = "<group>"; };
		D49DC0FF2496AEBA0039316E /* WelcomeViewController.swift */ = {isa = PBXFileReference; lastKnownFileType = sourcecode.swift; path = WelcomeViewController.swift; sourceTree = "<group>"; };
		D49DC1012496B46E0039316E /* LogViewController.swift */ = {isa = PBXFileReference; lastKnownFileType = sourcecode.swift; path = LogViewController.swift; sourceTree = "<group>"; };
		D49DC1052496B51E0039316E /* UIView+addShadow.swift */ = {isa = PBXFileReference; lastKnownFileType = sourcecode.swift; path = "UIView+addShadow.swift"; sourceTree = "<group>"; };
		D49DC1072496B5300039316E /* UIView+roundCorners.swift */ = {isa = PBXFileReference; lastKnownFileType = sourcecode.swift; path = "UIView+roundCorners.swift"; sourceTree = "<group>"; };
		D49DC10A2496D4540039316E /* UIColor+Extension.swift */ = {isa = PBXFileReference; lastKnownFileType = sourcecode.swift; path = "UIColor+Extension.swift"; sourceTree = "<group>"; };
/* End PBXFileReference section */

/* Begin PBXFrameworksBuildPhase section */
		D49DC0E32496A7010039316E /* Frameworks */ = {
			isa = PBXFrameworksBuildPhase;
			buildActionMask = 2147483647;
			files = (
			);
			runOnlyForDeploymentPostprocessing = 0;
		};
/* End PBXFrameworksBuildPhase section */

/* Begin PBXGroup section */
		D49DC0DD2496A7010039316E = {
			isa = PBXGroup;
			children = (
				D49DC0E82496A7010039316E /* chatty */,
				D49DC0E72496A7010039316E /* Products */,
			);
			sourceTree = "<group>";
		};
		D49DC0E72496A7010039316E /* Products */ = {
			isa = PBXGroup;
			children = (
				D49DC0E62496A7010039316E /* chatty.app */,
			);
			name = Products;
			sourceTree = "<group>";
		};
		D49DC0E82496A7010039316E /* chatty */ = {
			isa = PBXGroup;
			children = (
				D49DC0E92496A7010039316E /* AppDelegate.swift */,
				D49DC0EB2496A7010039316E /* SceneDelegate.swift */,
				D49DC1092496B7720039316E /* Extensions */,
				D49DC0FD2496A70F0039316E /* View */,
				D49DC0FE2496A7160039316E /* Controller */,
				D49DC0F22496A7030039316E /* Assets.xcassets */,
				D49DC0F42496A7030039316E /* LaunchScreen.storyboard */,
				D49DC0F72496A7030039316E /* Info.plist */,
			);
			path = chatty;
			sourceTree = "<group>";
		};
		D49DC0FD2496A70F0039316E /* View */ = {
			isa = PBXGroup;
			children = (
				D49DC0EF2496A7010039316E /* Main.storyboard */,
			);
			path = View;
			sourceTree = "<group>";
		};
		D49DC0FE2496A7160039316E /* Controller */ = {
			isa = PBXGroup;
			children = (
				D49DC0FF2496AEBA0039316E /* WelcomeViewController.swift */,
				D49DC1012496B46E0039316E /* LogViewController.swift */,
			);
			path = Controller;
			sourceTree = "<group>";
		};
		D49DC1092496B7720039316E /* Extensions */ = {
			isa = PBXGroup;
			children = (
				D49DC1052496B51E0039316E /* UIView+addShadow.swift */,
				D49DC1072496B5300039316E /* UIView+roundCorners.swift */,
				D49DC10A2496D4540039316E /* UIColor+Extension.swift */,
			);
			path = Extensions;
			sourceTree = "<group>";
		};
/* End PBXGroup section */

/* Begin PBXNativeTarget section */
		D49DC0E52496A7010039316E /* chatty */ = {
			isa = PBXNativeTarget;
			buildConfigurationList = D49DC0FA2496A7030039316E /* Build configuration list for PBXNativeTarget "chatty" */;
			buildPhases = (
				D49DC0E22496A7010039316E /* Sources */,
				D49DC0E32496A7010039316E /* Frameworks */,
				D49DC0E42496A7010039316E /* Resources */,
			);
			buildRules = (
			);
			dependencies = (
			);
			name = chatty;
			productName = chatty;
			productReference = D49DC0E62496A7010039316E /* chatty.app */;
			productType = "com.apple.product-type.application";
		};
/* End PBXNativeTarget section */

/* Begin PBXProject section */
		D49DC0DE2496A7010039316E /* Project object */ = {
			isa = PBXProject;
			attributes = {
				LastSwiftUpdateCheck = 1150;
				LastUpgradeCheck = 1150;
				ORGANIZATIONNAME = "Vahram Tadevosian";
				TargetAttributes = {
					D49DC0E52496A7010039316E = {
						CreatedOnToolsVersion = 11.5;
					};
				};
			};
			buildConfigurationList = D49DC0E12496A7010039316E /* Build configuration list for PBXProject "chatty" */;
			compatibilityVersion = "Xcode 9.3";
			developmentRegion = en;
			hasScannedForEncodings = 0;
			knownRegions = (
				en,
				Base,
			);
			mainGroup = D49DC0DD2496A7010039316E;
			productRefGroup = D49DC0E72496A7010039316E /* Products */;
			projectDirPath = "";
			projectRoot = "";
			targets = (
				D49DC0E52496A7010039316E /* chatty */,
			);
		};
/* End PBXProject section */

/* Begin PBXResourcesBuildPhase section */
		D49DC0E42496A7010039316E /* Resources */ = {
			isa = PBXResourcesBuildPhase;
			buildActionMask = 2147483647;
			files = (
				D49DC0F62496A7030039316E /* LaunchScreen.storyboard in Resources */,
				D49DC0F32496A7030039316E /* Assets.xcassets in Resources */,
				D49DC0F12496A7010039316E /* Main.storyboard in Resources */,
			);
			runOnlyForDeploymentPostprocessing = 0;
		};
/* End PBXResourcesBuildPhase section */

/* Begin PBXSourcesBuildPhase section */
		D49DC0E22496A7010039316E /* Sources */ = {
			isa = PBXSourcesBuildPhase;
			buildActionMask = 2147483647;
			files = (
				D49DC10B2496D4540039316E /* UIColor+Extension.swift in Sources */,
				D49DC1002496AEBA0039316E /* WelcomeViewController.swift in Sources */,
				D49DC1082496B5300039316E /* UIView+roundCorners.swift in Sources */,
				D49DC0EA2496A7010039316E /* AppDelegate.swift in Sources */,
				D49DC0EC2496A7010039316E /* SceneDelegate.swift in Sources */,
				D49DC1062496B51E0039316E /* UIView+addShadow.swift in Sources */,
				D49DC1022496B46E0039316E /* LogViewController.swift in Sources */,
			);
			runOnlyForDeploymentPostprocessing = 0;
		};
/* End PBXSourcesBuildPhase section */

/* Begin PBXVariantGroup section */
		D49DC0EF2496A7010039316E /* Main.storyboard */ = {
			isa = PBXVariantGroup;
			children = (
				D49DC0F02496A7010039316E /* Base */,
			);
			name = Main.storyboard;
			sourceTree = "<group>";
		};
		D49DC0F42496A7030039316E /* LaunchScreen.storyboard */ = {
			isa = PBXVariantGroup;
			children = (
				D49DC0F52496A7030039316E /* Base */,
			);
			name = LaunchScreen.storyboard;
			sourceTree = "<group>";
		};
/* End PBXVariantGroup section */

/* Begin XCBuildConfiguration section */
		D49DC0F82496A7030039316E /* Debug */ = {
			isa = XCBuildConfiguration;
			buildSettings = {
				ALWAYS_SEARCH_USER_PATHS = NO;
				CLANG_ANALYZER_NONNULL = YES;
				CLANG_ANALYZER_NUMBER_OBJECT_CONVERSION = YES_AGGRESSIVE;
				CLANG_CXX_LANGUAGE_STANDARD = "gnu++14";
				CLANG_CXX_LIBRARY = "libc++";
				CLANG_ENABLE_MODULES = YES;
				CLANG_ENABLE_OBJC_ARC = YES;
				CLANG_ENABLE_OBJC_WEAK = YES;
				CLANG_WARN_BLOCK_CAPTURE_AUTORELEASING = YES;
				CLANG_WARN_BOOL_CONVERSION = YES;
				CLANG_WARN_COMMA = YES;
				CLANG_WARN_CONSTANT_CONVERSION = YES;
				CLANG_WARN_DEPRECATED_OBJC_IMPLEMENTATIONS = YES;
				CLANG_WARN_DIRECT_OBJC_ISA_USAGE = YES_ERROR;
				CLANG_WARN_DOCUMENTATION_COMMENTS = YES;
				CLANG_WARN_EMPTY_BODY = YES;
				CLANG_WARN_ENUM_CONVERSION = YES;
				CLANG_WARN_INFINITE_RECURSION = YES;
				CLANG_WARN_INT_CONVERSION = YES;
				CLANG_WARN_NON_LITERAL_NULL_CONVERSION = YES;
				CLANG_WARN_OBJC_IMPLICIT_RETAIN_SELF = YES;
				CLANG_WARN_OBJC_LITERAL_CONVERSION = YES;
				CLANG_WARN_OBJC_ROOT_CLASS = YES_ERROR;
				CLANG_WARN_RANGE_LOOP_ANALYSIS = YES;
				CLANG_WARN_STRICT_PROTOTYPES = YES;
				CLANG_WARN_SUSPICIOUS_MOVE = YES;
				CLANG_WARN_UNGUARDED_AVAILABILITY = YES_AGGRESSIVE;
				CLANG_WARN_UNREACHABLE_CODE = YES;
				CLANG_WARN__DUPLICATE_METHOD_MATCH = YES;
				COPY_PHASE_STRIP = NO;
				DEBUG_INFORMATION_FORMAT = dwarf;
				ENABLE_STRICT_OBJC_MSGSEND = YES;
				ENABLE_TESTABILITY = YES;
				GCC_C_LANGUAGE_STANDARD = gnu11;
				GCC_DYNAMIC_NO_PIC = NO;
				GCC_NO_COMMON_BLOCKS = YES;
				GCC_OPTIMIZATION_LEVEL = 0;
				GCC_PREPROCESSOR_DEFINITIONS = (
					"DEBUG=1",
					"$(inherited)",
				);
				GCC_WARN_64_TO_32_BIT_CONVERSION = YES;
				GCC_WARN_ABOUT_RETURN_TYPE = YES_ERROR;
				GCC_WARN_UNDECLARED_SELECTOR = YES;
				GCC_WARN_UNINITIALIZED_AUTOS = YES_AGGRESSIVE;
				GCC_WARN_UNUSED_FUNCTION = YES;
				GCC_WARN_UNUSED_VARIABLE = YES;
				IPHONEOS_DEPLOYMENT_TARGET = 13.5;
				MTL_ENABLE_DEBUG_INFO = INCLUDE_SOURCE;
				MTL_FAST_MATH = YES;
				ONLY_ACTIVE_ARCH = YES;
				SDKROOT = iphoneos;
				SWIFT_ACTIVE_COMPILATION_CONDITIONS = DEBUG;
				SWIFT_OPTIMIZATION_LEVEL = "-Onone";
			};
			name = Debug;
		};
		D49DC0F92496A7030039316E /* Release */ = {
			isa = XCBuildConfiguration;
			buildSettings = {
				ALWAYS_SEARCH_USER_PATHS = NO;
				CLANG_ANALYZER_NONNULL = YES;
				CLANG_ANALYZER_NUMBER_OBJECT_CONVERSION = YES_AGGRESSIVE;
				CLANG_CXX_LANGUAGE_STANDARD = "gnu++14";
				CLANG_CXX_LIBRARY = "libc++";
				CLANG_ENABLE_MODULES = YES;
				CLANG_ENABLE_OBJC_ARC = YES;
				CLANG_ENABLE_OBJC_WEAK = YES;
				CLANG_WARN_BLOCK_CAPTURE_AUTORELEASING = YES;
				CLANG_WARN_BOOL_CONVERSION = YES;
				CLANG_WARN_COMMA = YES;
				CLANG_WARN_CONSTANT_CONVERSION = YES;
				CLANG_WARN_DEPRECATED_OBJC_IMPLEMENTATIONS = YES;
				CLANG_WARN_DIRECT_OBJC_ISA_USAGE = YES_ERROR;
				CLANG_WARN_DOCUMENTATION_COMMENTS = YES;
				CLANG_WARN_EMPTY_BODY = YES;
				CLANG_WARN_ENUM_CONVERSION = YES;
				CLANG_WARN_INFINITE_RECURSION = YES;
				CLANG_WARN_INT_CONVERSION = YES;
				CLANG_WARN_NON_LITERAL_NULL_CONVERSION = YES;
				CLANG_WARN_OBJC_IMPLICIT_RETAIN_SELF = YES;
				CLANG_WARN_OBJC_LITERAL_CONVERSION = YES;
				CLANG_WARN_OBJC_ROOT_CLASS = YES_ERROR;
				CLANG_WARN_RANGE_LOOP_ANALYSIS = YES;
				CLANG_WARN_STRICT_PROTOTYPES = YES;
				CLANG_WARN_SUSPICIOUS_MOVE = YES;
				CLANG_WARN_UNGUARDED_AVAILABILITY = YES_AGGRESSIVE;
				CLANG_WARN_UNREACHABLE_CODE = YES;
				CLANG_WARN__DUPLICATE_METHOD_MATCH = YES;
				COPY_PHASE_STRIP = NO;
				DEBUG_INFORMATION_FORMAT = "dwarf-with-dsym";
				ENABLE_NS_ASSERTIONS = NO;
				ENABLE_STRICT_OBJC_MSGSEND = YES;
				GCC_C_LANGUAGE_STANDARD = gnu11;
				GCC_NO_COMMON_BLOCKS = YES;
				GCC_WARN_64_TO_32_BIT_CONVERSION = YES;
				GCC_WARN_ABOUT_RETURN_TYPE = YES_ERROR;
				GCC_WARN_UNDECLARED_SELECTOR = YES;
				GCC_WARN_UNINITIALIZED_AUTOS = YES_AGGRESSIVE;
				GCC_WARN_UNUSED_FUNCTION = YES;
				GCC_WARN_UNUSED_VARIABLE = YES;
				IPHONEOS_DEPLOYMENT_TARGET = 13.5;
				MTL_ENABLE_DEBUG_INFO = NO;
				MTL_FAST_MATH = YES;
				SDKROOT = iphoneos;
				SWIFT_COMPILATION_MODE = wholemodule;
				SWIFT_OPTIMIZATION_LEVEL = "-O";
				VALIDATE_PRODUCT = YES;
			};
			name = Release;
		};
		D49DC0FB2496A7030039316E /* Debug */ = {
			isa = XCBuildConfiguration;
			buildSettings = {
				ASSETCATALOG_COMPILER_APPICON_NAME = AppIcon;
				CODE_SIGN_STYLE = Automatic;
				DEVELOPMENT_TEAM = JH43XF7V78;
				INFOPLIST_FILE = chatty/Info.plist;
				LD_RUNPATH_SEARCH_PATHS = (
					"$(inherited)",
					"@executable_path/Frameworks",
				);
				PRODUCT_BUNDLE_IDENTIFIER = com.vt.chatty;
				PRODUCT_NAME = "$(TARGET_NAME)";
				SWIFT_VERSION = 5.0;
				TARGETED_DEVICE_FAMILY = "1,2";
			};
			name = Debug;
		};
		D49DC0FC2496A7030039316E /* Release */ = {
			isa = XCBuildConfiguration;
			buildSettings = {
				ASSETCATALOG_COMPILER_APPICON_NAME = AppIcon;
				CODE_SIGN_STYLE = Automatic;
				DEVELOPMENT_TEAM = JH43XF7V78;
				INFOPLIST_FILE = chatty/Info.plist;
				LD_RUNPATH_SEARCH_PATHS = (
					"$(inherited)",
					"@executable_path/Frameworks",
				);
				PRODUCT_BUNDLE_IDENTIFIER = com.vt.chatty;
				PRODUCT_NAME = "$(TARGET_NAME)";
				SWIFT_VERSION = 5.0;
				TARGETED_DEVICE_FAMILY = "1,2";
			};
			name = Release;
		};
/* End XCBuildConfiguration section */

/* Begin XCConfigurationList section */
		D49DC0E12496A7010039316E /* Build configuration list for PBXProject "chatty" */ = {
			isa = XCConfigurationList;
			buildConfigurations = (
				D49DC0F82496A7030039316E /* Debug */,
				D49DC0F92496A7030039316E /* Release */,
			);
			defaultConfigurationIsVisible = 0;
			defaultConfigurationName = Release;
		};
		D49DC0FA2496A7030039316E /* Build configuration list for PBXNativeTarget "chatty" */ = {
			isa = XCConfigurationList;
			buildConfigurations = (
				D49DC0FB2496A7030039316E /* Debug */,
				D49DC0FC2496A7030039316E /* Release */,
			);
			defaultConfigurationIsVisible = 0;
			defaultConfigurationName = Release;
		};
/* End XCConfigurationList section */
	};
	rootObject = D49DC0DE2496A7010039316E /* Project object */;
}
